{
  "name": "web",
  "version": "1.0.0",
  "lockfileVersion": 2,
  "requires": true,
  "packages": {
    "": {
      "name": "web",
      "version": "1.0.0",
      "dependencies": {
        "jasmine-core": "^4.0.0",
        "jquery": "^3.6.0",
        "typescript": "^4.5.5"
      }
    },
    "node_modules/jasmine-core": {
      "version": "4.0.0",
      "resolved": "https://registry.npmjs.org/jasmine-core/-/jasmine-core-4.0.0.tgz",
      "integrity": "sha512-tq24OCqHElgU9KDpb/8O21r1IfotgjIzalfW9eCmRR40LZpvwXT68iariIyayMwi0m98RDt16aljdbwK0sBMmQ=="
    },
    "node_modules/jquery": {
      "version": "3.6.0",
      "resolved": "https://registry.npmjs.org/jquery/-/jquery-3.6.0.tgz",
      "integrity": "sha512-JVzAR/AjBvVt2BmYhxRCSYysDsPcssdmTFnzyLEts9qNwmjmu4JTAMYubEfwVOSwpQ1I1sKKFcxhZCI2buerfw=="
    },
    "node_modules/typescript": {
      "version": "4.5.5",
      "resolved": "https://registry.npmjs.org/typescript/-/typescript-4.5.5.tgz",
      "integrity": "sha512-TCTIul70LyWe6IJWT8QSYeA54WQe8EjQFU4wY52Fasj5UKx88LNYKCgBEHcOMOrFF1rKGbD8v/xcNWVUq9SymA==",
      "bin": {
        "tsc": "bin/tsc",
        "tsserver": "bin/tsserver"
      },
      "engines": {
        "node": ">=4.2.0"
      }
    }
  },
  "dependencies": {
    "jasmine-core": {
      "version": "4.0.0",
      "resolved": "https://registry.npmjs.org/jasmine-core/-/jasmine-core-4.0.0.tgz",
      "integrity": "sha512-tq24OCqHElgU9KDpb/8O21r1IfotgjIzalfW9eCmRR40LZpvwXT68iariIyayMwi0m98RDt16aljdbwK0sBMmQ=="
    },
    "jquery": {
      "version": "3.6.0",
      "resolved": "https://registry.npmjs.org/jquery/-/jquery-3.6.0.tgz",
      "integrity": "sha512-JVzAR/AjBvVt2BmYhxRCSYysDsPcssdmTFnzyLEts9qNwmjmu4JTAMYubEfwVOSwpQ1I1sKKFcxhZCI2buerfw=="
    },
    "typescript": {
      "version": "4.5.5",
      "resolved": "https://registry.npmjs.org/typescript/-/typescript-4.5.5.tgz",
      "integrity": "sha512-TCTIul70LyWe6IJWT8QSYeA54WQe8EjQFU4wY52Fasj5UKx88LNYKCgBEHcOMOrFF1rKGbD8v/xcNWVUq9SymA=="
    }
  }
}
